
Microsoft Visual Studio Solution File, Format Version 12.00
# Visual Studio 15
Project("{FAE04EC0-301F-11D3-BF4B-00C04F79EFBC}") = "MKdev.M2Mqtt.Unity3D", "MKdev.M2Mqtt.Unity3D.csproj", "{7825F9C3-43AB-B5A3-BAF3-FB369B3452A6}"
EndProject
Project("{FAE04EC0-301F-11D3-BF4B-00C04F79EFBC}") = "MKdev.M2Mqtt.Unity3D.Editor", "MKdev.M2Mqtt.Unity3D.Editor.csproj", "{19BFF140-42A5-D09F-EDF4-EED5B1A0BE42}"
EndProject
Global
	GlobalSection(SolutionConfigurationPlatforms) = preSolution
		Debug|Any CPU = Debug|Any CPU
		Release|Any CPU = Release|Any CPU
	EndGlobalSection
	GlobalSection(ProjectConfigurationPlatforms) = postSolution
		{7825F9C3-43AB-B5A3-BAF3-FB369B3452A6}.Debug|Any CPU.ActiveCfg = Debug|Any CPU
		{7825F9C3-43AB-B5A3-BAF3-FB369B3452A6}.Debug|Any CPU.Build.0 = Debug|Any CPU
		{7825F9C3-43AB-B5A3-BAF3-FB369B3452A6}.Release|Any CPU.ActiveCfg = Release|Any CPU
		{7825F9C3-43AB-B5A3-BAF3-FB369B3452A6}.Release|Any CPU.Build.0 = Release|Any CPU
		{19BFF140-42A5-D09F-EDF4-EED5B1A0BE42}.Debug|Any CPU.ActiveCfg = Debug|Any CPU
		{19BFF140-42A5-D09F-EDF4-EED5B1A0BE42}.Debug|Any CPU.Build.0 = Debug|Any CPU
		{19BFF140-42A5-D09F-EDF4-EED5B1A0BE42}.Release|Any CPU.ActiveCfg = Release|Any CPU
		{19BFF140-42A5-D09F-EDF4-EED5B1A0BE42}.Release|Any CPU.Build.0 = Release|Any CPU
	EndGlobalSection
	GlobalSection(SolutionProperties) = preSolution
		HideSolutionNode = FALSE
	EndGlobalSection
EndGlobal
