
Microsoft Visual Studio Solution File, Format Version 11.00
# Visual Studio 2010
Project("{FAE04EC0-301F-11D3-BF4B-00C04F79EFBC}") = "Assembly-CSharp", "Assembly-CSharp.csproj", "{B66AAB0D-FCF8-A047-EC78-DC7E59C126D8}"
EndProject
Project("{FAE04EC0-301F-11D3-BF4B-00C04F79EFBC}") = "Assembly-CSharp-Editor", "Assembly-CSharp-Editor.csproj", "{53224D95-C948-302C-1FB3-0406F20B741F}"
EndProject
Global
	GlobalSection(SolutionConfigurationPlatforms) = preSolution
		Debug|Any CPU = Debug|Any CPU
		Release|Any CPU = Release|Any CPU
	EndGlobalSection
	GlobalSection(ProjectConfigurationPlatforms) = postSolution
		{B66AAB0D-FCF8-A047-EC78-DC7E59C126D8}.Debug|Any CPU.ActiveCfg = Debug|Any CPU
		{B66AAB0D-FCF8-A047-EC78-DC7E59C126D8}.Debug|Any CPU.Build.0 = Debug|Any CPU
		{B66AAB0D-FCF8-A047-EC78-DC7E59C126D8}.Release|Any CPU.ActiveCfg = Release|Any CPU
		{B66AAB0D-FCF8-A047-EC78-DC7E59C126D8}.Release|Any CPU.Build.0 = Release|Any CPU
		{53224D95-C948-302C-1FB3-0406F20B741F}.Debug|Any CPU.ActiveCfg = Debug|Any CPU
		{53224D95-C948-302C-1FB3-0406F20B741F}.Debug|Any CPU.Build.0 = Debug|Any CPU
		{53224D95-C948-302C-1FB3-0406F20B741F}.Release|Any CPU.ActiveCfg = Release|Any CPU
		{53224D95-C948-302C-1FB3-0406F20B741F}.Release|Any CPU.Build.0 = Release|Any CPU
	EndGlobalSection
	GlobalSection(SolutionProperties) = preSolution
		HideSolutionNode = FALSE
	EndGlobalSection
	GlobalSection(MonoDevelopProperties) = preSolution
		StartupItem = Assembly-CSharp.csproj
	EndGlobalSection
EndGlobal
